
Microsoft Visual Studio Solution File, Format Version 12.00
# Visual Studio Version 17
VisualStudioVersion = 17.6.33815.320
MinimumVisualStudioVersion = 10.0.40219.1
Project("{FAE04EC0-301F-11D3-BF4B-00C04F79EFBC}") = "Task1 - Backend", "Task1 - Backend\Task1 - Backend.csproj", "{21BB5357-E807-4A5A-8724-22F84F18DEB1}"
EndProject
Global
	GlobalSection(SolutionConfigurationPlatforms) = preSolution
		Debug|Any CPU = Debug|Any CPU
		Release|Any CPU = Release|Any CPU
	EndGlobalSection
	GlobalSection(ProjectConfigurationPlatforms) = postSolution
		{21BB5357-E807-4A5A-8724-22F84F18DEB1}.Debug|Any CPU.ActiveCfg = Debug|Any CPU
		{21BB5357-E807-4A5A-8724-22F84F18DEB1}.Debug|Any CPU.Build.0 = Debug|Any CPU
		{21BB5357-E807-4A5A-8724-22F84F18DEB1}.Release|Any CPU.ActiveCfg = Release|Any CPU
		{21BB5357-E807-4A5A-8724-22F84F18DEB1}.Release|Any CPU.Build.0 = Release|Any CPU
	EndGlobalSection
	GlobalSection(SolutionProperties) = preSolution
		HideSolutionNode = FALSE
	EndGlobalSection
	GlobalSection(ExtensibilityGlobals) = postSolution
		SolutionGuid = {16157C3C-D858-4F44-AA03-1107B0A395BA}
	EndGlobalSection
EndGlobal
